{
  "nodes": {
    "firefox-addons": {
      "inputs": {
        "flake-utils": "flake-utils",
        "nixpkgs": [
          "nixpkgs"
        ]
      },
      "locked": {
        "dir": "pkgs/firefox-addons",
        "lastModified": 1737950601,
        "narHash": "sha256-YqqJiLjAY0EWgVOtEv06EIoaNzgrzjpsXGrITNpAc/Y=",
        "owner": "rycee",
        "repo": "nur-expressions",
        "rev": "0335c7d8263a7af3f1006ca71869aa0c93c07c4a",
        "type": "gitlab"
      },
      "original": {
        "dir": "pkgs/firefox-addons",
        "owner": "rycee",
        "repo": "nur-expressions",
        "type": "gitlab"
      }
    },
    "flake-utils": {
      "locked": {
        "lastModified": 1629284811,
        "narHash": "sha256-JHgasjPR0/J1J3DRm4KxM4zTyAj4IOJY8vIl75v/kPI=",
        "owner": "numtide",
        "repo": "flake-utils",
        "rev": "c5d161cc0af116a2e17f54316f0bf43f0819785c",
        "type": "github"
      },
      "original": {
        "owner": "numtide",
        "repo": "flake-utils",
        "type": "github"
      }
    },
    "home-manager": {
      "inputs": {
        "nixpkgs": [
          "nixpkgs"
        ]
      },
      "locked": {
        "lastModified": 1737968762,
        "narHash": "sha256-xiPARGKwocaMtv+U/rgi+h2g56CZZEmrcl7ldRaslq8=",
        "owner": "nix-community",
        "repo": "home-manager",
        "rev": "e1ae908bcc30af792b0bb0a52e53b03d2577255e",
        "type": "github"
      },
      "original": {
        "owner": "nix-community",
        "repo": "home-manager",
        "type": "github"
      }
    },
    "nix-darwin": {
      "inputs": {
        "nixpkgs": [
          "nixpkgs"
        ]
      },
      "locked": {
        "lastModified": 1737926801,
        "narHash": "sha256-un7IETRNjUm83jM5Gd/7BO4rCzzkom46O0FDMo5toaI=",
        "owner": "LnL7",
        "repo": "nix-darwin",
        "rev": "62ba0a22426721c94e08f0779ed8235d5672869b",
        "type": "github"
      },
      "original": {
        "owner": "LnL7",
        "repo": "nix-darwin",
        "type": "github"
      }
    },
    "nix-index-database": {
      "inputs": {
        "nixpkgs": [
          "nixpkgs"
        ]
      },
      "locked": {
        "lastModified": 1737861961,
        "narHash": "sha256-LIRtMvAwLGb8pBoamzgEF67oKlNPz4LuXiRPVZf+TpE=",
        "owner": "Mic92",
        "repo": "nix-index-database",
        "rev": "79b7b8eae3243fc5aa9aad34ba6b9bbb2266f523",
        "type": "github"
      },
      "original": {
        "owner": "Mic92",
        "repo": "nix-index-database",
        "type": "github"
      }
    },
    "nixpkgs": {
      "locked": {
        "lastModified": 1737885589,
        "narHash": "sha256-Zf0hSrtzaM1DEz8//+Xs51k/wdSajticVrATqDrfQjg=",
        "owner": "nixos",
        "repo": "nixpkgs",
        "rev": "852ff1d9e153d8875a83602e03fdef8a63f0ecf8",
        "type": "github"
      },
      "original": {
        "owner": "nixos",
        "ref": "nixos-unstable",
        "repo": "nixpkgs",
        "type": "github"
      }
    },
    "root": {
      "inputs": {
        "firefox-addons": "firefox-addons",
        "home-manager": "home-manager",
        "nix-darwin": "nix-darwin",
        "nix-index-database": "nix-index-database",
        "nixpkgs": "nixpkgs",
        "sops-nix": "sops-nix"
      }
    },
    "sops-nix": {
      "inputs": {
        "nixpkgs": [
          "nixpkgs"
        ]
      },
      "locked": {
        "lastModified": 1737411508,
        "narHash": "sha256-j9IdflJwRtqo9WpM0OfAZml47eBblUHGNQTe62OUqTw=",
        "owner": "Mic92",
        "repo": "sops-nix",
        "rev": "015d461c16678fc02a2f405eb453abb509d4e1d4",
        "type": "github"
      },
      "original": {
        "owner": "Mic92",
        "repo": "sops-nix",
        "type": "github"
      }
    }
  },
  "root": "root",
  "version": 7
}
